// !$*UTF8*$!
{
	archiveVersion = 1;
	classes = {
	};
	objectVersion = 46;
	objects = {

/* Begin PBXBuildFile section */
		B50E598518E115130092EB05 /* DWImageTitleButton.m in Sources */ = {isa = PBXBuildFile; fileRef = B50E598418E115130092EB05 /* DWImageTitleButton.m */; };
		B50E598E18E11C350092EB05 /* DWUploadTableViewCell.m in Sources */ = {isa = PBXBuildFile; fileRef = B50E598D18E11C350092EB05 /* DWUploadTableViewCell.m */; };
		B50E599218E11D920092EB05 /* DWUploadItem.m in Sources */ = {isa = PBXBuildFile; fileRef = B50E599118E11D920092EB05 /* DWUploadItem.m */; };
		B50E599618E120300092EB05 /* uploadItems.plist in Resources */ = {isa = PBXBuildFile; fileRef = B50E599518E120300092EB05 /* uploadItems.plist */; };
		B50E59D018E16D100092EB05 /* DWUploadInfoSetupViewController.m in Sources */ = {isa = PBXBuildFile; fileRef = B50E59CF18E16D100092EB05 /* DWUploadInfoSetupViewController.m */; };
		B50E59D318E17C8B0092EB05 /* DWTools.m in Sources */ = {isa = PBXBuildFile; fileRef = B50E59D218E17C8B0092EB05 /* DWTools.m */; };
		B52E6F2C18F42CAD00FA8915 /* player-bg-popup-selected.png in Resources */ = {isa = PBXBuildFile; fileRef = B52E6F2118F42CAC00FA8915 /* player-bg-popup-selected.png */; };
		B52E6F2D18F42CAD00FA8915 /* player-bg-popup-selected@2x.png in Resources */ = {isa = PBXBuildFile; fileRef = B52E6F2218F42CAD00FA8915 /* player-bg-popup-selected@2x.png */; };
		B52E6F2E18F42CAD00FA8915 /* player-bg-text2.png in Resources */ = {isa = PBXBuildFile; fileRef = B52E6F2318F42CAD00FA8915 /* player-bg-text2.png */; };
		B52E6F2F18F42CAD00FA8915 /* player-bg-text2@2x.png in Resources */ = {isa = PBXBuildFile; fileRef = B52E6F2418F42CAD00FA8915 /* player-bg-text2@2x.png */; };
		B52E6F3018F42CAD00FA8915 /* player-bg-text4.png in Resources */ = {isa = PBXBuildFile; fileRef = B52E6F2518F42CAD00FA8915 /* player-bg-text4.png */; };
		B52E6F3118F42CAD00FA8915 /* player-bg-text4@2x.png in Resources */ = {isa = PBXBuildFile; fileRef = B52E6F2618F42CAD00FA8915 /* player-bg-text4@2x.png */; };
		B52E6F3218F42CAD00FA8915 /* player-pausebutton.png in Resources */ = {isa = PBXBuildFile; fileRef = B52E6F2718F42CAD00FA8915 /* player-pausebutton.png */; };
		B52E6F3318F42CAD00FA8915 /* player-pausebutton@2x.png in Resources */ = {isa = PBXBuildFile; fileRef = B52E6F2818F42CAD00FA8915 /* player-pausebutton@2x.png */; };
		B52E6F3418F42CAD00FA8915 /* player-slider-active.png in Resources */ = {isa = PBXBuildFile; fileRef = B52E6F2918F42CAD00FA8915 /* player-slider-active.png */; };
		B52E6F3518F42CAD00FA8915 /* player-slider-active@2x.png in Resources */ = {isa = PBXBuildFile; fileRef = B52E6F2A18F42CAD00FA8915 /* player-slider-active@2x.png */; };
		B52E6F3618F42CAD00FA8915 /* player-slider-handle@2x.png in Resources */ = {isa = PBXBuildFile; fileRef = B52E6F2B18F42CAD00FA8915 /* player-slider-handle@2x.png */; };
		B547EC4A18E033FB00BC980C /* Foundation.framework in Frameworks */ = {isa = PBXBuildFile; fileRef = B547EC4918E033FB00BC980C /* Foundation.framework */; };
		B547EC4C18E033FB00BC980C /* CoreGraphics.framework in Frameworks */ = {isa = PBXBuildFile; fileRef = B547EC4B18E033FB00BC980C /* CoreGraphics.framework */; };
		B547EC4E18E033FB00BC980C /* UIKit.framework in Frameworks */ = {isa = PBXBuildFile; fileRef = B547EC4D18E033FB00BC980C /* UIKit.framework */; };
		B547EC5418E033FB00BC980C /* InfoPlist.strings in Resources */ = {isa = PBXBuildFile; fileRef = B547EC5218E033FB00BC980C /* InfoPlist.strings */; };
		B547EC5618E033FB00BC980C /* main.m in Sources */ = {isa = PBXBuildFile; fileRef = B547EC5518E033FB00BC980C /* main.m */; };
		B547EC5A18E033FB00BC980C /* DWAppDelegate.m in Sources */ = {isa = PBXBuildFile; fileRef = B547EC5918E033FB00BC980C /* DWAppDelegate.m */; };
		B547EC5C18E033FB00BC980C /* Images.xcassets in Resources */ = {isa = PBXBuildFile; fileRef = B547EC5B18E033FB00BC980C /* Images.xcassets */; };
		B547EC8018E0347E00BC980C /* DWOfflineViewController.m in Sources */ = {isa = PBXBuildFile; fileRef = B547EC7918E0347E00BC980C /* DWOfflineViewController.m */; };
		B547EC8118E0347E00BC980C /* DWPlayerViewController.m in Sources */ = {isa = PBXBuildFile; fileRef = B547EC7B18E0347E00BC980C /* DWPlayerViewController.m */; };
		B547EC8218E0347E00BC980C /* DWAccountViewController.m in Sources */ = {isa = PBXBuildFile; fileRef = B547EC7D18E0347E00BC980C /* DWAccountViewController.m */; };
		B547EC8318E0347E00BC980C /* DWUploadViewController.m in Sources */ = {isa = PBXBuildFile; fileRef = B547EC7F18E0347E00BC980C /* DWUploadViewController.m */; };
		B57CC7BC18E2E569001A1696 /* CoreMedia.framework in Frameworks */ = {isa = PBXBuildFile; fileRef = B57CC7BB18E2E569001A1696 /* CoreMedia.framework */; };
		B57CC7BE18E2E575001A1696 /* CoreLocation.framework in Frameworks */ = {isa = PBXBuildFile; fileRef = B57CC7BD18E2E575001A1696 /* CoreLocation.framework */; };
		B57CC7C018E2E581001A1696 /* AVFoundation.framework in Frameworks */ = {isa = PBXBuildFile; fileRef = B57CC7BF18E2E581001A1696 /* AVFoundation.framework */; };
		B59CB4C518E420060031A82F /* DWDownloadItem.m in Sources */ = {isa = PBXBuildFile; fileRef = B59CB4C418E420060031A82F /* DWDownloadItem.m */; };
		B59CB4C818E4244F0031A82F /* DWOfflineTableViewCell.m in Sources */ = {isa = PBXBuildFile; fileRef = B59CB4C718E4244F0031A82F /* DWOfflineTableViewCell.m */; };
		B59CB4CB18E51BAC0031A82F /* DWDownloadViewController.m in Sources */ = {isa = PBXBuildFile; fileRef = B59CB4CA18E51BAC0031A82F /* DWDownloadViewController.m */; };
		B59CB4CE18E551A20031A82F /* DWCustomPlayerViewController.m in Sources */ = {isa = PBXBuildFile; fileRef = B59CB4CD18E551A20031A82F /* DWCustomPlayerViewController.m */; };
		B59CB4D118E552E30031A82F /* DWPlayerTableViewCell.m in Sources */ = {isa = PBXBuildFile; fileRef = B59CB4D018E552E30031A82F /* DWPlayerTableViewCell.m */; };
		B59CB4D418E556950031A82F /* DWDownloadTableViewCell.m in Sources */ = {isa = PBXBuildFile; fileRef = B59CB4D318E556950031A82F /* DWDownloadTableViewCell.m */; };
		B5AEF9EA18E839AE0084CE2C /* DWTableView.m in Sources */ = {isa = PBXBuildFile; fileRef = B5AEF9E918E839AE0084CE2C /* DWTableView.m */; };
		B5F98DC518E94DE80091F486 /* DWTabBarController.m in Sources */ = {isa = PBXBuildFile; fileRef = B5F98DC418E94DE80091F486 /* DWTabBarController.m */; };
		B5F98F6A18ED804D0091F486 /* DWPlayerMenuView.m in Sources */ = {isa = PBXBuildFile; fileRef = B5F98F6918ED804D0091F486 /* DWPlayerMenuView.m */; };
		B5F98FA818ED80EA0091F486 /* download-down-button.png in Resources */ = {isa = PBXBuildFile; fileRef = B5F98F6C18ED80EA0091F486 /* download-down-button.png */; };
		B5F98FA918ED80EA0091F486 /* download-down-button@2x.png in Resources */ = {isa = PBXBuildFile; fileRef = B5F98F6D18ED80EA0091F486 /* download-down-button@2x.png */; };
		B5F98FAC18ED80EA0091F486 /* download-play-button.png in Resources */ = {isa = PBXBuildFile; fileRef = B5F98F7018ED80EA0091F486 /* download-play-button.png */; };
		B5F98FAD18ED80EA0091F486 /* download-play-button@2x.png in Resources */ = {isa = PBXBuildFile; fileRef = B5F98F7118ED80EA0091F486 /* download-play-button@2x.png */; };
		B5F98FAE18ED80EA0091F486 /* download-stat-waiting.png in Resources */ = {isa = PBXBuildFile; fileRef = B5F98F7218ED80EA0091F486 /* download-stat-waiting.png */; };
		B5F98FAF18ED80EA0091F486 /* download-stat-waiting@2x.png in Resources */ = {isa = PBXBuildFile; fileRef = B5F98F7318ED80EA0091F486 /* download-stat-waiting@2x.png */; };
		B5F98FB018ED80EA0091F486 /* download-status-down.png in Resources */ = {isa = PBXBuildFile; fileRef = B5F98F7418ED80EA0091F486 /* download-status-down.png */; };
		B5F98FB118ED80EA0091F486 /* download-status-down@2x.png in Resources */ = {isa = PBXBuildFile; fileRef = B5F98F7518ED80EA0091F486 /* download-status-down@2x.png */; };
		B5F98FB218ED80EA0091F486 /* download-status-fail.png in Resources */ = {isa = PBXBuildFile; fileRef = B5F98F7618ED80EA0091F486 /* download-status-fail.png */; };
		B5F98FB318ED80EA0091F486 /* download-status-fail@2x.png in Resources */ = {isa = PBXBuildFile; fileRef = B5F98F7718ED80EA0091F486 /* download-status-fail@2x.png */; };
		B5F98FB418ED80EA0091F486 /* download-status-hold.png in Resources */ = {isa = PBXBuildFile; fileRef = B5F98F7818ED80EA0091F486 /* download-status-hold.png */; };
		B5F98FB518ED80EA0091F486 /* download-status-hold@2x.png in Resources */ = {isa = PBXBuildFile; fileRef = B5F98F7918ED80EA0091F486 /* download-status-hold@2x.png */; };
		B5F98FB618ED80EA0091F486 /* navigation-bar-back.png in Resources */ = {isa = PBXBuildFile; fileRef = B5F98F7A18ED80EA0091F486 /* navigation-bar-back.png */; };
		B5F98FB718ED80EA0091F486 /* navigation-bar-back@2x.png in Resources */ = {isa = PBXBuildFile; fileRef = B5F98F7B18ED80EA0091F486 /* navigation-bar-back@2x.png */; };
		B5F98FB818ED80EA0091F486 /* play-playbutton.png in Resources */ = {isa = PBXBuildFile; fileRef = B5F98F7C18ED80EA0091F486 /* play-playbutton.png */; };
		B5F98FB918ED80EA0091F486 /* play-playbutton@2x.png in Resources */ = {isa = PBXBuildFile; fileRef = B5F98F7D18ED80EA0091F486 /* play-playbutton@2x.png */; };
		B5F98FBA18ED80EA0091F486 /* player-back-button.png in Resources */ = {isa = PBXBuildFile; fileRef = B5F98F7E18ED80EA0091F486 /* player-back-button.png */; };
		B5F98FBB18ED80EA0091F486 /* player-back-button@2x.png in Resources */ = {isa = PBXBuildFile; fileRef = B5F98F7F18ED80EA0091F486 /* player-back-button@2x.png */; };
		B5F98FBC18ED80EA0091F486 /* player-playbutton.png in Resources */ = {isa = PBXBuildFile; fileRef = B5F98F8018ED80EA0091F486 /* player-playbutton.png */; };
		B5F98FBD18ED80EA0091F486 /* player-playbutton@2x.png in Resources */ = {isa = PBXBuildFile; fileRef = B5F98F8118ED80EA0091F486 /* player-playbutton@2x.png */; };
		B5F98FC418ED80EA0091F486 /* player-slider-handle.png in Resources */ = {isa = PBXBuildFile; fileRef = B5F98F8818ED80EA0091F486 /* player-slider-handle.png */; };
		B5F98FC518ED80EA0091F486 /* player-slider-inactive.png in Resources */ = {isa = PBXBuildFile; fileRef = B5F98F8918ED80EA0091F486 /* player-slider-inactive.png */; };
		B5F98FC618ED80EA0091F486 /* player-slider-inactive@2x.png in Resources */ = {isa = PBXBuildFile; fileRef = B5F98F8A18ED80EA0091F486 /* player-slider-inactive@2x.png */; };
		B5F98FCB18ED80EA0091F486 /* player-volume-box.png in Resources */ = {isa = PBXBuildFile; fileRef = B5F98F8F18ED80EA0091F486 /* player-volume-box.png */; };
		B5F98FCC18ED80EA0091F486 /* player-volume-box@2x.png in Resources */ = {isa = PBXBuildFile; fileRef = B5F98F9018ED80EA0091F486 /* player-volume-box@2x.png */; };
		B5F98FCD18ED80EA0091F486 /* tabbar-down-selected.png in Resources */ = {isa = PBXBuildFile; fileRef = B5F98F9118ED80EA0091F486 /* tabbar-down-selected.png */; };
		B5F98FCE18ED80EA0091F486 /* tabbar-down-selected@2x.png in Resources */ = {isa = PBXBuildFile; fileRef = B5F98F9218ED80EA0091F486 /* tabbar-down-selected@2x.png */; };
		B5F98FCF18ED80EA0091F486 /* tabbar-down.png in Resources */ = {isa = PBXBuildFile; fileRef = B5F98F9318ED80EA0091F486 /* tabbar-down.png */; };
		B5F98FD018ED80EA0091F486 /* tabbar-down@2x.png in Resources */ = {isa = PBXBuildFile; fileRef = B5F98F9418ED80EA0091F486 /* tabbar-down@2x.png */; };
		B5F98FD118ED80EA0091F486 /* tabbar-play-selected.png in Resources */ = {isa = PBXBuildFile; fileRef = B5F98F9518ED80EA0091F486 /* tabbar-play-selected.png */; };
		B5F98FD218ED80EA0091F486 /* tabbar-play-selected@2x.png in Resources */ = {isa = PBXBuildFile; fileRef = B5F98F9618ED80EA0091F486 /* tabbar-play-selected@2x.png */; };
		B5F98FD318ED80EA0091F486 /* tabbar-play.png in Resources */ = {isa = PBXBuildFile; fileRef = B5F98F9718ED80EA0091F486 /* tabbar-play.png */; };
		B5F98FD418ED80EA0091F486 /* tabbar-play@2x.png in Resources */ = {isa = PBXBuildFile; fileRef = B5F98F9818ED80EA0091F486 /* tabbar-play@2x.png */; };
		B5F98FD518ED80EA0091F486 /* tabbar-upload-selected.png in Resources */ = {isa = PBXBuildFile; fileRef = B5F98F9918ED80EA0091F486 /* tabbar-upload-selected.png */; };
		B5F98FD618ED80EA0091F486 /* tabbar-upload-selected@2x.png in Resources */ = {isa = PBXBuildFile; fileRef = B5F98F9A18ED80EA0091F486 /* tabbar-upload-selected@2x.png */; };
		B5F98FD718ED80EA0091F486 /* tabbar-upload.png in Resources */ = {isa = PBXBuildFile; fileRef = B5F98F9B18ED80EA0091F486 /* tabbar-upload.png */; };
		B5F98FD818ED80EA0091F486 /* tabbar-upload@2x.png in Resources */ = {isa = PBXBuildFile; fileRef = B5F98F9C18ED80EA0091F486 /* tabbar-upload@2x.png */; };
		B5F98FD918ED80EA0091F486 /* tabbar-user-selected.png in Resources */ = {isa = PBXBuildFile; fileRef = B5F98F9D18ED80EA0091F486 /* tabbar-user-selected.png */; };
		B5F98FDA18ED80EA0091F486 /* tabbar-user-selected@2x.png in Resources */ = {isa = PBXBuildFile; fileRef = B5F98F9E18ED80EA0091F486 /* tabbar-user-selected@2x.png */; };
		B5F98FDB18ED80EA0091F486 /* tabbar-user.png in Resources */ = {isa = PBXBuildFile; fileRef = B5F98F9F18ED80EA0091F486 /* tabbar-user.png */; };
		B5F98FDC18ED80EA0091F486 /* tabbar-user@2x.png in Resources */ = {isa = PBXBuildFile; fileRef = B5F98FA018ED80EA0091F486 /* tabbar-user@2x.png */; };
		B5F98FDD18ED80EA0091F486 /* upload-navigationbar-add.png in Resources */ = {isa = PBXBuildFile; fileRef = B5F98FA118ED80EA0091F486 /* upload-navigationbar-add.png */; };
		B5F98FDE18ED80EA0091F486 /* upload-navigationbar-add@2x.png in Resources */ = {isa = PBXBuildFile; fileRef = B5F98FA218ED80EA0091F486 /* upload-navigationbar-add@2x.png */; };
		B5F98FDF18ED80EA0091F486 /* upload-status-finish.png in Resources */ = {isa = PBXBuildFile; fileRef = B5F98FA318ED80EA0091F486 /* upload-status-finish.png */; };
		B5F98FE018ED80EA0091F486 /* upload-status-finish@2x.png in Resources */ = {isa = PBXBuildFile; fileRef = B5F98FA418ED80EA0091F486 /* upload-status-finish@2x.png */; };
		B5F98FE118ED80EA0091F486 /* upload-status-uploading.png in Resources */ = {isa = PBXBuildFile; fileRef = B5F98FA518ED80EA0091F486 /* upload-status-uploading.png */; };
		B5F98FE218ED80EA0091F486 /* upload-status-uploading@2x.png in Resources */ = {isa = PBXBuildFile; fileRef = B5F98FA618ED80EA0091F486 /* upload-status-uploading@2x.png */; };
		B5F9902F18EDA94A0091F486 /* DWMediaSubtitle.m in Sources */ = {isa = PBXBuildFile; fileRef = B5F9902E18EDA94A0091F486 /* DWMediaSubtitle.m */; };
		B5F9903118EDABF30091F486 /* example.utf8.srt in Resources */ = {isa = PBXBuildFile; fileRef = B5F9903018EDABF30091F486 /* example.utf8.srt */; };
		B8363B301D50A60800E3E4F6 /* close@2x.png in Resources */ = {isa = PBXBuildFile; fileRef = B8363B2E1D50A60800E3E4F6 /* close@2x.png */; };
		B8363B311D50A60800E3E4F6 /* close@3x.png in Resources */ = {isa = PBXBuildFile; fileRef = B8363B2F1D50A60800E3E4F6 /* close@3x.png */; };
		B870F3BC1C913A90006E057C /* fullscreen.png in Resources */ = {isa = PBXBuildFile; fileRef = B870F3BA1C913A90006E057C /* fullscreen.png */; };
		B870F3C01C913AA5006E057C /* nonfullscreen.png in Resources */ = {isa = PBXBuildFile; fileRef = B870F3BE1C913AA5006E057C /* nonfullscreen.png */; };
		B874054B1C9BB34700DD3753 /* DWLaunch Screen.storyboard in Resources */ = {isa = PBXBuildFile; fileRef = B874054A1C9BB34700DD3753 /* DWLaunch Screen.storyboard */; };
		B88562A21DED1A76008D1763 /* Reachability.m in Sources */ = {isa = PBXBuildFile; fileRef = B88562A11DED1A76008D1763 /* Reachability.m */; };
		B88562A41DED1AC8008D1763 /* SystemConfiguration.framework in Frameworks */ = {isa = PBXBuildFile; fileRef = B88562A31DED1AC8008D1763 /* SystemConfiguration.framework */; };
		B89E14BB1E1E1ED100BC3BF2 /* libCCSDK.a in Frameworks */ = {isa = PBXBuildFile; fileRef = B89E14BA1E1E1ED100BC3BF2 /* libCCSDK.a */; };
		B8D467201E026DA1005EEED4 /* download_ic.png in Resources */ = {isa = PBXBuildFile; fileRef = B8D467131E026DA1005EEED4 /* download_ic.png */; };
		B8D467211E026DA1005EEED4 /* download_ic@2x.png in Resources */ = {isa = PBXBuildFile; fileRef = B8D467141E026DA1005EEED4 /* download_ic@2x.png */; };
		B8D467221E026DA1005EEED4 /* last-button.png in Resources */ = {isa = PBXBuildFile; fileRef = B8D467151E026DA1005EEED4 /* last-button.png */; };
		B8D467231E026DA1005EEED4 /* last-button@2x.png in Resources */ = {isa = PBXBuildFile; fileRef = B8D467161E026DA1005EEED4 /* last-button@2x.png */; };
		B8D467241E026DA1005EEED4 /* lock_ic.png in Resources */ = {isa = PBXBuildFile; fileRef = B8D467171E026DA1005EEED4 /* lock_ic.png */; };
		B8D467251E026DA1005EEED4 /* lock_ic@2x.png in Resources */ = {isa = PBXBuildFile; fileRef = B8D467181E026DA1005EEED4 /* lock_ic@2x.png */; };
		B8D467261E026DA1005EEED4 /* more_ic.png in Resources */ = {isa = PBXBuildFile; fileRef = B8D467191E026DA1005EEED4 /* more_ic.png */; };
		B8D467271E026DA1005EEED4 /* more_ic@2x.png in Resources */ = {isa = PBXBuildFile; fileRef = B8D4671A1E026DA1005EEED4 /* more_ic@2x.png */; };
		B8D467281E026DA1005EEED4 /* next-button.png in Resources */ = {isa = PBXBuildFile; fileRef = B8D4671B1E026DA1005EEED4 /* next-button.png */; };
		B8D467291E026DA1005EEED4 /* next-button@2x.png in Resources */ = {isa = PBXBuildFile; fileRef = B8D4671C1E026DA1005EEED4 /* next-button@2x.png */; };
		B8D4672B1E026DA1005EEED4 /* unlock_ic.png in Resources */ = {isa = PBXBuildFile; fileRef = B8D4671E1E026DA1005EEED4 /* unlock_ic.png */; };
		B8D4672C1E026DA1005EEED4 /* unlock_ic@2x.png in Resources */ = {isa = PBXBuildFile; fileRef = B8D4671F1E026DA1005EEED4 /* unlock_ic@2x.png */; };
		B8D4672F1E029A5B005EEED4 /* big_stop_ic.png in Resources */ = {isa = PBXBuildFile; fileRef = B8D4672D1E029A5B005EEED4 /* big_stop_ic.png */; };
		B8D467301E029A5B005EEED4 /* big_stop_ic@2x.png in Resources */ = {isa = PBXBuildFile; fileRef = B8D4672E1E029A5B005EEED4 /* big_stop_ic@2x.png */; };
		B8D467321E037A4F005EEED4 /* slider.png in Resources */ = {isa = PBXBuildFile; fileRef = B8D467311E037A4F005EEED4 /* slider.png */; };
		B8D467381E07B6C8005EEED4 /* cc-placeholder.png in Resources */ = {isa = PBXBuildFile; fileRef = B8D467371E07B6C8005EEED4 /* cc-placeholder.png */; };
		B8F4EEEB1DF1608C00A6F1C5 /* DWGestureButton.m in Sources */ = {isa = PBXBuildFile; fileRef = B8F4EEEA1DF1608C00A6F1C5 /* DWGestureButton.m */; };
/* End PBXBuildFile section */

/* Begin PBXFileReference section */
		B50E598318E115130092EB05 /* DWImageTitleButton.h */ = {isa = PBXFileReference; fileEncoding = 4; lastKnownFileType = sourcecode.c.h; name = DWImageTitleButton.h; path = Demo/DWImageTitleButton.h; sourceTree = "<group>"; };
		B50E598418E115130092EB05 /* DWImageTitleButton.m */ = {isa = PBXFileReference; fileEncoding = 4; lastKnownFileType = sourcecode.c.objc; name = DWImageTitleButton.m; path = Demo/DWImageTitleButton.m; sourceTree = "<group>"; };
		B50E598C18E11C350092EB05 /* DWUploadTableViewCell.h */ = {isa = PBXFileReference; fileEncoding = 4; lastKnownFileType = sourcecode.c.h; name = DWUploadTableViewCell.h; path = Demo/DWUploadTableViewCell.h; sourceTree = "<group>"; };
		B50E598D18E11C350092EB05 /* DWUploadTableViewCell.m */ = {isa = PBXFileReference; fileEncoding = 4; lastKnownFileType = sourcecode.c.objc; name = DWUploadTableViewCell.m; path = Demo/DWUploadTableViewCell.m; sourceTree = "<group>"; };
		B50E599018E11D920092EB05 /* DWUploadItem.h */ = {isa = PBXFileReference; fileEncoding = 4; lastKnownFileType = sourcecode.c.h; name = DWUploadItem.h; path = Demo/DWUploadItem.h; sourceTree = "<group>"; };
		B50E599118E11D920092EB05 /* DWUploadItem.m */ = {isa = PBXFileReference; fileEncoding = 4; lastKnownFileType = sourcecode.c.objc; name = DWUploadItem.m; path = Demo/DWUploadItem.m; sourceTree = "<group>"; };
		B50E599518E120300092EB05 /* uploadItems.plist */ = {isa = PBXFileReference; fileEncoding = 4; lastKnownFileType = text.plist.xml; name = uploadItems.plist; path = Demo/uploadItems.plist; sourceTree = "<group>"; };
		B50E59CE18E16D100092EB05 /* DWUploadInfoSetupViewController.h */ = {isa = PBXFileReference; fileEncoding = 4; lastKnownFileType = sourcecode.c.h; path = DWUploadInfoSetupViewController.h; sourceTree = "<group>"; };
		B50E59CF18E16D100092EB05 /* DWUploadInfoSetupViewController.m */ = {isa = PBXFileReference; fileEncoding = 4; lastKnownFileType = sourcecode.c.objc; path = DWUploadInfoSetupViewController.m; sourceTree = "<group>"; };
		B50E59D118E17C8B0092EB05 /* DWTools.h */ = {isa = PBXFileReference; fileEncoding = 4; lastKnownFileType = sourcecode.c.h; name = DWTools.h; path = Demo/DWTools.h; sourceTree = "<group>"; };
		B50E59D218E17C8B0092EB05 /* DWTools.m */ = {isa = PBXFileReference; fileEncoding = 4; lastKnownFileType = sourcecode.c.objc; name = DWTools.m; path = Demo/DWTools.m; sourceTree = "<group>"; };
		B52E6F2118F42CAC00FA8915 /* player-bg-popup-selected.png */ = {isa = PBXFileReference; lastKnownFileType = image.png; name = "player-bg-popup-selected.png"; path = "images/player-bg-popup-selected.png"; sourceTree = "<group>"; };
		B52E6F2218F42CAD00FA8915 /* player-bg-popup-selected@2x.png */ = {isa = PBXFileReference; lastKnownFileType = image.png; name = "player-bg-popup-selected@2x.png"; path = "images/player-bg-popup-selected@2x.png"; sourceTree = "<group>"; };
		B52E6F2318F42CAD00FA8915 /* player-bg-text2.png */ = {isa = PBXFileReference; lastKnownFileType = image.png; name = "player-bg-text2.png"; path = "images/player-bg-text2.png"; sourceTree = "<group>"; };
		B52E6F2418F42CAD00FA8915 /* player-bg-text2@2x.png */ = {isa = PBXFileReference; lastKnownFileType = image.png; name = "player-bg-text2@2x.png"; path = "images/player-bg-text2@2x.png"; sourceTree = "<group>"; };
		B52E6F2518F42CAD00FA8915 /* player-bg-text4.png */ = {isa = PBXFileReference; lastKnownFileType = image.png; name = "player-bg-text4.png"; path = "images/player-bg-text4.png"; sourceTree = "<group>"; };
		B52E6F2618F42CAD00FA8915 /* player-bg-text4@2x.png */ = {isa = PBXFileReference; lastKnownFileType = image.png; name = "player-bg-text4@2x.png"; path = "images/player-bg-text4@2x.png"; sourceTree = "<group>"; };
		B52E6F2718F42CAD00FA8915 /* player-pausebutton.png */ = {isa = PBXFileReference; lastKnownFileType = image.png; name = "player-pausebutton.png"; path = "images/player-pausebutton.png"; sourceTree = "<group>"; };
		B52E6F2818F42CAD00FA8915 /* player-pausebutton@2x.png */ = {isa = PBXFileReference; lastKnownFileType = image.png; name = "player-pausebutton@2x.png"; path = "images/player-pausebutton@2x.png"; sourceTree = "<group>"; };
		B52E6F2918F42CAD00FA8915 /* player-slider-active.png */ = {isa = PBXFileReference; lastKnownFileType = image.png; name = "player-slider-active.png"; path = "images/player-slider-active.png"; sourceTree = "<group>"; };
		B52E6F2A18F42CAD00FA8915 /* player-slider-active@2x.png */ = {isa = PBXFileReference; lastKnownFileType = image.png; name = "player-slider-active@2x.png"; path = "images/player-slider-active@2x.png"; sourceTree = "<group>"; };
		B52E6F2B18F42CAD00FA8915 /* player-slider-handle@2x.png */ = {isa = PBXFileReference; lastKnownFileType = image.png; name = "player-slider-handle@2x.png"; path = "images/player-slider-handle@2x.png"; sourceTree = "<group>"; };
		B547EC4618E033FB00BC980C /* CCDownload.app */ = {isa = PBXFileReference; explicitFileType = wrapper.application; includeInIndex = 0; path = CCDownload.app; sourceTree = BUILT_PRODUCTS_DIR; };
		B547EC4918E033FB00BC980C /* Foundation.framework */ = {isa = PBXFileReference; lastKnownFileType = wrapper.framework; name = Foundation.framework; path = System/Library/Frameworks/Foundation.framework; sourceTree = SDKROOT; };
		B547EC4B18E033FB00BC980C /* CoreGraphics.framework */ = {isa = PBXFileReference; lastKnownFileType = wrapper.framework; name = CoreGraphics.framework; path = System/Library/Frameworks/CoreGraphics.framework; sourceTree = SDKROOT; };
		B547EC4D18E033FB00BC980C /* UIKit.framework */ = {isa = PBXFileReference; lastKnownFileType = wrapper.framework; name = UIKit.framework; path = System/Library/Frameworks/UIKit.framework; sourceTree = SDKROOT; };
		B547EC5118E033FB00BC980C /* CCDownload-Info.plist */ = {isa = PBXFileReference; lastKnownFileType = text.plist.xml; path = "CCDownload-Info.plist"; sourceTree = "<group>"; };
		B547EC5318E033FB00BC980C /* en */ = {isa = PBXFileReference; lastKnownFileType = text.plist.strings; name = en; path = en.lproj/InfoPlist.strings; sourceTree = "<group>"; };
		B547EC5518E033FB00BC980C /* main.m */ = {isa = PBXFileReference; lastKnownFileType = sourcecode.c.objc; path = main.m; sourceTree = "<group>"; };
		B547EC5718E033FB00BC980C /* CCDownload-Prefix.pch */ = {isa = PBXFileReference; lastKnownFileType = sourcecode.c.h; path = "CCDownload-Prefix.pch"; sourceTree = "<group>"; };
		B547EC5818E033FB00BC980C /* DWAppDelegate.h */ = {isa = PBXFileReference; lastKnownFileType = sourcecode.c.h; path = DWAppDelegate.h; sourceTree = "<group>"; };
		B547EC5918E033FB00BC980C /* DWAppDelegate.m */ = {isa = PBXFileReference; lastKnownFileType = sourcecode.c.objc; path = DWAppDelegate.m; sourceTree = "<group>"; };
		B547EC5B18E033FB00BC980C /* Images.xcassets */ = {isa = PBXFileReference; lastKnownFileType = folder.assetcatalog; path = Images.xcassets; sourceTree = "<group>"; };
		B547EC7818E0347E00BC980C /* DWOfflineViewController.h */ = {isa = PBXFileReference; fileEncoding = 4; lastKnownFileType = sourcecode.c.h; path = DWOfflineViewController.h; sourceTree = "<group>"; };
		B547EC7918E0347E00BC980C /* DWOfflineViewController.m */ = {isa = PBXFileReference; fileEncoding = 4; lastKnownFileType = sourcecode.c.objc; path = DWOfflineViewController.m; sourceTree = "<group>"; };
		B547EC7A18E0347E00BC980C /* DWPlayerViewController.h */ = {isa = PBXFileReference; fileEncoding = 4; lastKnownFileType = sourcecode.c.h; path = DWPlayerViewController.h; sourceTree = "<group>"; };
		B547EC7B18E0347E00BC980C /* DWPlayerViewController.m */ = {isa = PBXFileReference; fileEncoding = 4; lastKnownFileType = sourcecode.c.objc; path = DWPlayerViewController.m; sourceTree = "<group>"; };
		B547EC7C18E0347E00BC980C /* DWAccountViewController.h */ = {isa = PBXFileReference; fileEncoding = 4; lastKnownFileType = sourcecode.c.h; path = DWAccountViewController.h; sourceTree = "<group>"; };
		B547EC7D18E0347E00BC980C /* DWAccountViewController.m */ = {isa = PBXFileReference; fileEncoding = 4; lastKnownFileType = sourcecode.c.objc; path = DWAccountViewController.m; sourceTree = "<group>"; };
		B547EC7E18E0347E00BC980C /* DWUploadViewController.h */ = {isa = PBXFileReference; fileEncoding = 4; lastKnownFileType = sourcecode.c.h; path = DWUploadViewController.h; sourceTree = "<group>"; };
		B547EC7F18E0347E00BC980C /* DWUploadViewController.m */ = {isa = PBXFileReference; fileEncoding = 4; lastKnownFileType = sourcecode.c.objc; path = DWUploadViewController.m; sourceTree = "<group>"; };
		B57CC7BB18E2E569001A1696 /* CoreMedia.framework */ = {isa = PBXFileReference; lastKnownFileType = wrapper.framework; name = CoreMedia.framework; path = System/Library/Frameworks/CoreMedia.framework; sourceTree = SDKROOT; };
		B57CC7BD18E2E575001A1696 /* CoreLocation.framework */ = {isa = PBXFileReference; lastKnownFileType = wrapper.framework; name = CoreLocation.framework; path = System/Library/Frameworks/CoreLocation.framework; sourceTree = SDKROOT; };
		B57CC7BF18E2E581001A1696 /* AVFoundation.framework */ = {isa = PBXFileReference; lastKnownFileType = wrapper.framework; name = AVFoundation.framework; path = System/Library/Frameworks/AVFoundation.framework; sourceTree = SDKROOT; };
		B59CB4C318E420060031A82F /* DWDownloadItem.h */ = {isa = PBXFileReference; fileEncoding = 4; lastKnownFileType = sourcecode.c.h; name = DWDownloadItem.h; path = Demo/DWDownloadItem.h; sourceTree = "<group>"; };
		B59CB4C418E420060031A82F /* DWDownloadItem.m */ = {isa = PBXFileReference; fileEncoding = 4; lastKnownFileType = sourcecode.c.objc; name = DWDownloadItem.m; path = Demo/DWDownloadItem.m; sourceTree = "<group>"; };
		B59CB4C618E4244F0031A82F /* DWOfflineTableViewCell.h */ = {isa = PBXFileReference; fileEncoding = 4; lastKnownFileType = sourcecode.c.h; name = DWOfflineTableViewCell.h; path = Demo/DWOfflineTableViewCell.h; sourceTree = "<group>"; };
		B59CB4C718E4244F0031A82F /* DWOfflineTableViewCell.m */ = {isa = PBXFileReference; fileEncoding = 4; lastKnownFileType = sourcecode.c.objc; name = DWOfflineTableViewCell.m; path = Demo/DWOfflineTableViewCell.m; sourceTree = "<group>"; };
		B59CB4C918E51BAC0031A82F /* DWDownloadViewController.h */ = {isa = PBXFileReference; fileEncoding = 4; lastKnownFileType = sourcecode.c.h; path = DWDownloadViewController.h; sourceTree = "<group>"; };
		B59CB4CA18E51BAC0031A82F /* DWDownloadViewController.m */ = {isa = PBXFileReference; fileEncoding = 4; lastKnownFileType = sourcecode.c.objc; path = DWDownloadViewController.m; sourceTree = "<group>"; };
		B59CB4CC18E551A20031A82F /* DWCustomPlayerViewController.h */ = {isa = PBXFileReference; fileEncoding = 4; lastKnownFileType = sourcecode.c.h; path = DWCustomPlayerViewController.h; sourceTree = "<group>"; };
		B59CB4CD18E551A20031A82F /* DWCustomPlayerViewController.m */ = {isa = PBXFileReference; fileEncoding = 4; lastKnownFileType = sourcecode.c.objc; path = DWCustomPlayerViewController.m; sourceTree = "<group>"; };
		B59CB4CF18E552E30031A82F /* DWPlayerTableViewCell.h */ = {isa = PBXFileReference; fileEncoding = 4; lastKnownFileType = sourcecode.c.h; name = DWPlayerTableViewCell.h; path = Demo/DWPlayerTableViewCell.h; sourceTree = "<group>"; };
		B59CB4D018E552E30031A82F /* DWPlayerTableViewCell.m */ = {isa = PBXFileReference; fileEncoding = 4; lastKnownFileType = sourcecode.c.objc; name = DWPlayerTableViewCell.m; path = Demo/DWPlayerTableViewCell.m; sourceTree = "<group>"; };
		B59CB4D218E556950031A82F /* DWDownloadTableViewCell.h */ = {isa = PBXFileReference; fileEncoding = 4; lastKnownFileType = sourcecode.c.h; name = DWDownloadTableViewCell.h; path = Demo/DWDownloadTableViewCell.h; sourceTree = "<group>"; };
		B59CB4D318E556950031A82F /* DWDownloadTableViewCell.m */ = {isa = PBXFileReference; fileEncoding = 4; lastKnownFileType = sourcecode.c.objc; name = DWDownloadTableViewCell.m; path = Demo/DWDownloadTableViewCell.m; sourceTree = "<group>"; };
		B5AEF9E818E839AE0084CE2C /* DWTableView.h */ = {isa = PBXFileReference; fileEncoding = 4; lastKnownFileType = sourcecode.c.h; name = DWTableView.h; path = Demo/DWTableView.h; sourceTree = "<group>"; };
		B5AEF9E918E839AE0084CE2C /* DWTableView.m */ = {isa = PBXFileReference; fileEncoding = 4; lastKnownFileType = sourcecode.c.objc; name = DWTableView.m; path = Demo/DWTableView.m; sourceTree = "<group>"; };
		B5F98DC318E94DE80091F486 /* DWTabBarController.h */ = {isa = PBXFileReference; fileEncoding = 4; lastKnownFileType = sourcecode.c.h; name = DWTabBarController.h; path = Demo/DWTabBarController.h; sourceTree = "<group>"; };
		B5F98DC418E94DE80091F486 /* DWTabBarController.m */ = {isa = PBXFileReference; fileEncoding = 4; lastKnownFileType = sourcecode.c.objc; name = DWTabBarController.m; path = Demo/DWTabBarController.m; sourceTree = "<group>"; };
		B5F98F6818ED804D0091F486 /* DWPlayerMenuView.h */ = {isa = PBXFileReference; fileEncoding = 4; lastKnownFileType = sourcecode.c.h; name = DWPlayerMenuView.h; path = Demo/DWPlayerMenuView.h; sourceTree = "<group>"; };
		B5F98F6918ED804D0091F486 /* DWPlayerMenuView.m */ = {isa = PBXFileReference; fileEncoding = 4; lastKnownFileType = sourcecode.c.objc; name = DWPlayerMenuView.m; path = Demo/DWPlayerMenuView.m; sourceTree = "<group>"; };
		B5F98F6C18ED80EA0091F486 /* download-down-button.png */ = {isa = PBXFileReference; lastKnownFileType = image.png; name = "download-down-button.png"; path = "images/download-down-button.png"; sourceTree = "<group>"; };
		B5F98F6D18ED80EA0091F486 /* download-down-button@2x.png */ = {isa = PBXFileReference; lastKnownFileType = image.png; name = "download-down-button@2x.png"; path = "images/download-down-button@2x.png"; sourceTree = "<group>"; };
		B5F98F7018ED80EA0091F486 /* download-play-button.png */ = {isa = PBXFileReference; lastKnownFileType = image.png; name = "download-play-button.png"; path = "images/download-play-button.png"; sourceTree = "<group>"; };
		B5F98F7118ED80EA0091F486 /* download-play-button@2x.png */ = {isa = PBXFileReference; lastKnownFileType = image.png; name = "download-play-button@2x.png"; path = "images/download-play-button@2x.png"; sourceTree = "<group>"; };
		B5F98F7218ED80EA0091F486 /* download-stat-waiting.png */ = {isa = PBXFileReference; lastKnownFileType = image.png; name = "download-stat-waiting.png"; path = "images/download-stat-waiting.png"; sourceTree = "<group>"; };
		B5F98F7318ED80EA0091F486 /* download-stat-waiting@2x.png */ = {isa = PBXFileReference; lastKnownFileType = image.png; name = "download-stat-waiting@2x.png"; path = "images/download-stat-waiting@2x.png"; sourceTree = "<group>"; };
		B5F98F7418ED80EA0091F486 /* download-status-down.png */ = {isa = PBXFileReference; lastKnownFileType = image.png; name = "download-status-down.png"; path = "images/download-status-down.png"; sourceTree = "<group>"; };
		B5F98F7518ED80EA0091F486 /* download-status-down@2x.png */ = {isa = PBXFileReference; lastKnownFileType = image.png; name = "download-status-down@2x.png"; path = "images/download-status-down@2x.png"; sourceTree = "<group>"; };
		B5F98F7618ED80EA0091F486 /* download-status-fail.png */ = {isa = PBXFileReference; lastKnownFileType = image.png; name = "download-status-fail.png"; path = "images/download-status-fail.png"; sourceTree = "<group>"; };
		B5F98F7718ED80EA0091F486 /* download-status-fail@2x.png */ = {isa = PBXFileReference; lastKnownFileType = image.png; name = "download-status-fail@2x.png"; path = "images/download-status-fail@2x.png"; sourceTree = "<group>"; };
		B5F98F7818ED80EA0091F486 /* download-status-hold.png */ = {isa = PBXFileReference; lastKnownFileType = image.png; name = "download-status-hold.png"; path = "images/download-status-hold.png"; sourceTree = "<group>"; };
		B5F98F7918ED80EA0091F486 /* download-status-hold@2x.png */ = {isa = PBXFileReference; lastKnownFileType = image.png; name = "download-status-hold@2x.png"; path = "images/download-status-hold@2x.png"; sourceTree = "<group>"; };
		B5F98F7A18ED80EA0091F486 /* navigation-bar-back.png */ = {isa = PBXFileReference; lastKnownFileType = image.png; name = "navigation-bar-back.png"; path = "images/navigation-bar-back.png"; sourceTree = "<group>"; };
		B5F98F7B18ED80EA0091F486 /* navigation-bar-back@2x.png */ = {isa = PBXFileReference; lastKnownFileType = image.png; name = "navigation-bar-back@2x.png"; path = "images/navigation-bar-back@2x.png"; sourceTree = "<group>"; };
		B5F98F7C18ED80EA0091F486 /* play-playbutton.png */ = {isa = PBXFileReference; lastKnownFileType = image.png; name = "play-playbutton.png"; path = "images/play-playbutton.png"; sourceTree = "<group>"; };
		B5F98F7D18ED80EA0091F486 /* play-playbutton@2x.png */ = {isa = PBXFileReference; lastKnownFileType = image.png; name = "play-playbutton@2x.png"; path = "images/play-playbutton@2x.png"; sourceTree = "<group>"; };
		B5F98F7E18ED80EA0091F486 /* player-back-button.png */ = {isa = PBXFileReference; lastKnownFileType = image.png; name = "player-back-button.png"; path = "images/player-back-button.png"; sourceTree = "<group>"; };
		B5F98F7F18ED80EA0091F486 /* player-back-button@2x.png */ = {isa = PBXFileReference; lastKnownFileType = image.png; name = "player-back-button@2x.png"; path = "images/player-back-button@2x.png"; sourceTree = "<group>"; };
		B5F98F8018ED80EA0091F486 /* player-playbutton.png */ = {isa = PBXFileReference; lastKnownFileType = image.png; name = "player-playbutton.png"; path = "images/player-playbutton.png"; sourceTree = "<group>"; };
		B5F98F8118ED80EA0091F486 /* player-playbutton@2x.png */ = {isa = PBXFileReference; lastKnownFileType = image.png; name = "player-playbutton@2x.png"; path = "images/player-playbutton@2x.png"; sourceTree = "<group>"; };
		B5F98F8818ED80EA0091F486 /* player-slider-handle.png */ = {isa = PBXFileReference; lastKnownFileType = image.png; name = "player-slider-handle.png"; path = "images/player-slider-handle.png"; sourceTree = "<group>"; };
		B5F98F8918ED80EA0091F486 /* player-slider-inactive.png */ = {isa = PBXFileReference; lastKnownFileType = image.png; name = "player-slider-inactive.png"; path = "images/player-slider-inactive.png"; sourceTree = "<group>"; };
		B5F98F8A18ED80EA0091F486 /* player-slider-inactive@2x.png */ = {isa = PBXFileReference; lastKnownFileType = image.png; name = "player-slider-inactive@2x.png"; path = "images/player-slider-inactive@2x.png"; sourceTree = "<group>"; };
		B5F98F8F18ED80EA0091F486 /* player-volume-box.png */ = {isa = PBXFileReference; lastKnownFileType = image.png; name = "player-volume-box.png"; path = "images/player-volume-box.png"; sourceTree = "<group>"; };
		B5F98F9018ED80EA0091F486 /* player-volume-box@2x.png */ = {isa = PBXFileReference; lastKnownFileType = image.png; name = "player-volume-box@2x.png"; path = "images/player-volume-box@2x.png"; sourceTree = "<group>"; };
		B5F98F9118ED80EA0091F486 /* tabbar-down-selected.png */ = {isa = PBXFileReference; lastKnownFileType = image.png; name = "tabbar-down-selected.png"; path = "images/tabbar-down-selected.png"; sourceTree = "<group>"; };
		B5F98F9218ED80EA0091F486 /* tabbar-down-selected@2x.png */ = {isa = PBXFileReference; lastKnownFileType = image.png; name = "tabbar-down-selected@2x.png"; path = "images/tabbar-down-selected@2x.png"; sourceTree = "<group>"; };
		B5F98F9318ED80EA0091F486 /* tabbar-down.png */ = {isa = PBXFileReference; lastKnownFileType = image.png; name = "tabbar-down.png"; path = "images/tabbar-down.png"; sourceTree = "<group>"; };
		B5F98F9418ED80EA0091F486 /* tabbar-down@2x.png */ = {isa = PBXFileReference; lastKnownFileType = image.png; name = "tabbar-down@2x.png"; path = "images/tabbar-down@2x.png"; sourceTree = "<group>"; };
		B5F98F9518ED80EA0091F486 /* tabbar-play-selected.png */ = {isa = PBXFileReference; lastKnownFileType = image.png; name = "tabbar-play-selected.png"; path = "images/tabbar-play-selected.png"; sourceTree = "<group>"; };
		B5F98F9618ED80EA0091F486 /* tabbar-play-selected@2x.png */ = {isa = PBXFileReference; lastKnownFileType = image.png; name = "tabbar-play-selected@2x.png"; path = "images/tabbar-play-selected@2x.png"; sourceTree = "<group>"; };
		B5F98F9718ED80EA0091F486 /* tabbar-play.png */ = {isa = PBXFileReference; lastKnownFileType = image.png; name = "tabbar-play.png"; path = "images/tabbar-play.png"; sourceTree = "<group>"; };
		B5F98F9818ED80EA0091F486 /* tabbar-play@2x.png */ = {isa = PBXFileReference; lastKnownFileType = image.png; name = "tabbar-play@2x.png"; path = "images/tabbar-play@2x.png"; sourceTree = "<group>"; };
		B5F98F9918ED80EA0091F486 /* tabbar-upload-selected.png */ = {isa = PBXFileReference; lastKnownFileType = image.png; name = "tabbar-upload-selected.png"; path = "images/tabbar-upload-selected.png"; sourceTree = "<group>"; };
		B5F98F9A18ED80EA0091F486 /* tabbar-upload-selected@2x.png */ = {isa = PBXFileReference; lastKnownFileType = image.png; name = "tabbar-upload-selected@2x.png"; path = "images/tabbar-upload-selected@2x.png"; sourceTree = "<group>"; };
		B5F98F9B18ED80EA0091F486 /* tabbar-upload.png */ = {isa = PBXFileReference; lastKnownFileType = image.png; name = "tabbar-upload.png"; path = "images/tabbar-upload.png"; sourceTree = "<group>"; };
		B5F98F9C18ED80EA0091F486 /* tabbar-upload@2x.png */ = {isa = PBXFileReference; lastKnownFileType = image.png; name = "tabbar-upload@2x.png"; path = "images/tabbar-upload@2x.png"; sourceTree = "<group>"; };
		B5F98F9D18ED80EA0091F486 /* tabbar-user-selected.png */ = {isa = PBXFileReference; lastKnownFileType = image.png; name = "tabbar-user-selected.png"; path = "images/tabbar-user-selected.png"; sourceTree = "<group>"; };
		B5F98F9E18ED80EA0091F486 /* tabbar-user-selected@2x.png */ = {isa = PBXFileReference; lastKnownFileType = image.png; name = "tabbar-user-selected@2x.png"; path = "images/tabbar-user-selected@2x.png"; sourceTree = "<group>"; };
		B5F98F9F18ED80EA0091F486 /* tabbar-user.png */ = {isa = PBXFileReference; lastKnownFileType = image.png; name = "tabbar-user.png"; path = "images/tabbar-user.png"; sourceTree = "<group>"; };
		B5F98FA018ED80EA0091F486 /* tabbar-user@2x.png */ = {isa = PBXFileReference; lastKnownFileType = image.png; name = "tabbar-user@2x.png"; path = "images/tabbar-user@2x.png"; sourceTree = "<group>"; };
		B5F98FA118ED80EA0091F486 /* upload-navigationbar-add.png */ = {isa = PBXFileReference; lastKnownFileType = image.png; name = "upload-navigationbar-add.png"; path = "images/upload-navigationbar-add.png"; sourceTree = "<group>"; };
		B5F98FA218ED80EA0091F486 /* upload-navigationbar-add@2x.png */ = {isa = PBXFileReference; lastKnownFileType = image.png; name = "upload-navigationbar-add@2x.png"; path = "images/upload-navigationbar-add@2x.png"; sourceTree = "<group>"; };
		B5F98FA318ED80EA0091F486 /* upload-status-finish.png */ = {isa = PBXFileReference; lastKnownFileType = image.png; name = "upload-status-finish.png"; path = "images/upload-status-finish.png"; sourceTree = "<group>"; };
		B5F98FA418ED80EA0091F486 /* upload-status-finish@2x.png */ = {isa = PBXFileReference; lastKnownFileType = image.png; name = "upload-status-finish@2x.png"; path = "images/upload-status-finish@2x.png"; sourceTree = "<group>"; };
		B5F98FA518ED80EA0091F486 /* upload-status-uploading.png */ = {isa = PBXFileReference; lastKnownFileType = image.png; name = "upload-status-uploading.png"; path = "images/upload-status-uploading.png"; sourceTree = "<group>"; };
		B5F98FA618ED80EA0091F486 /* upload-status-uploading@2x.png */ = {isa = PBXFileReference; lastKnownFileType = image.png; name = "upload-status-uploading@2x.png"; path = "images/upload-status-uploading@2x.png"; sourceTree = "<group>"; };
		B5F9902D18EDA94A0091F486 /* DWMediaSubtitle.h */ = {isa = PBXFileReference; fileEncoding = 4; lastKnownFileType = sourcecode.c.h; name = DWMediaSubtitle.h; path = Demo/DWMediaSubtitle.h; sourceTree = "<group>"; };
		B5F9902E18EDA94A0091F486 /* DWMediaSubtitle.m */ = {isa = PBXFileReference; fileEncoding = 4; lastKnownFileType = sourcecode.c.objc; name = DWMediaSubtitle.m; path = Demo/DWMediaSubtitle.m; sourceTree = "<group>"; };
		B5F9903018EDABF30091F486 /* example.utf8.srt */ = {isa = PBXFileReference; fileEncoding = 4; lastKnownFileType = text; path = example.utf8.srt; sourceTree = "<group>"; };
		B8363B2E1D50A60800E3E4F6 /* close@2x.png */ = {isa = PBXFileReference; lastKnownFileType = image.png; name = "close@2x.png"; path = "images/close@2x.png"; sourceTree = "<group>"; };
		B8363B2F1D50A60800E3E4F6 /* close@3x.png */ = {isa = PBXFileReference; lastKnownFileType = image.png; name = "close@3x.png"; path = "images/close@3x.png"; sourceTree = "<group>"; };
		B870F3BA1C913A90006E057C /* fullscreen.png */ = {isa = PBXFileReference; lastKnownFileType = image.png; name = fullscreen.png; path = images/fullscreen.png; sourceTree = "<group>"; };
		B870F3BE1C913AA5006E057C /* nonfullscreen.png */ = {isa = PBXFileReference; lastKnownFileType = image.png; name = nonfullscreen.png; path = images/nonfullscreen.png; sourceTree = "<group>"; };
		B874054A1C9BB34700DD3753 /* DWLaunch Screen.storyboard */ = {isa = PBXFileReference; fileEncoding = 4; lastKnownFileType = file.storyboard; name = "DWLaunch Screen.storyboard"; path = "../DWLaunch Screen.storyboard"; sourceTree = "<group>"; };
		B88562A01DED1A76008D1763 /* Reachability.h */ = {isa = PBXFileReference; fileEncoding = 4; lastKnownFileType = sourcecode.c.h; name = Reachability.h; path = Demo/Reachability.h; sourceTree = "<group>"; };
		B88562A11DED1A76008D1763 /* Reachability.m */ = {isa = PBXFileReference; fileEncoding = 4; lastKnownFileType = sourcecode.c.objc; name = Reachability.m; path = Demo/Reachability.m; sourceTree = "<group>"; };
		B88562A31DED1AC8008D1763 /* SystemConfiguration.framework */ = {isa = PBXFileReference; lastKnownFileType = wrapper.framework; name = SystemConfiguration.framework; path = System/Library/Frameworks/SystemConfiguration.framework; sourceTree = SDKROOT; };
		B89E14B31E1E1ED100BC3BF2 /* DWAdInfo.h */ = {isa = PBXFileReference; fileEncoding = 4; lastKnownFileType = sourcecode.c.h; path = DWAdInfo.h; sourceTree = "<group>"; };
		B89E14B41E1E1ED100BC3BF2 /* DWDownloader.h */ = {isa = PBXFileReference; fileEncoding = 4; lastKnownFileType = sourcecode.c.h; path = DWDownloader.h; sourceTree = "<group>"; };
		B89E14B51E1E1ED100BC3BF2 /* DWLog.h */ = {isa = PBXFileReference; fileEncoding = 4; lastKnownFileType = sourcecode.c.h; path = DWLog.h; sourceTree = "<group>"; };
		B89E14B61E1E1ED100BC3BF2 /* DWMoviePlayerController.h */ = {isa = PBXFileReference; fileEncoding = 4; lastKnownFileType = sourcecode.c.h; path = DWMoviePlayerController.h; sourceTree = "<group>"; };
		B89E14B71E1E1ED100BC3BF2 /* DWSDK.h */ = {isa = PBXFileReference; fileEncoding = 4; lastKnownFileType = sourcecode.c.h; path = DWSDK.h; sourceTree = "<group>"; };
		B89E14B81E1E1ED100BC3BF2 /* DWUploader.h */ = {isa = PBXFileReference; fileEncoding = 4; lastKnownFileType = sourcecode.c.h; path = DWUploader.h; sourceTree = "<group>"; };
		B89E14B91E1E1ED100BC3BF2 /* DWVideoCompressController.h */ = {isa = PBXFileReference; fileEncoding = 4; lastKnownFileType = sourcecode.c.h; path = DWVideoCompressController.h; sourceTree = "<group>"; };
		B89E14BA1E1E1ED100BC3BF2 /* libCCSDK.a */ = {isa = PBXFileReference; lastKnownFileType = archive.ar; path = libCCSDK.a; sourceTree = "<group>"; };
		B8D467131E026DA1005EEED4 /* download_ic.png */ = {isa = PBXFileReference; lastKnownFileType = image.png; name = download_ic.png; path = images/download_ic.png; sourceTree = "<group>"; };
		B8D467141E026DA1005EEED4 /* download_ic@2x.png */ = {isa = PBXFileReference; lastKnownFileType = image.png; name = "download_ic@2x.png"; path = "images/download_ic@2x.png"; sourceTree = "<group>"; };
		B8D467151E026DA1005EEED4 /* last-button.png */ = {isa = PBXFileReference; lastKnownFileType = image.png; name = "last-button.png"; path = "images/last-button.png"; sourceTree = "<group>"; };
		B8D467161E026DA1005EEED4 /* last-button@2x.png */ = {isa = PBXFileReference; lastKnownFileType = image.png; name = "last-button@2x.png"; path = "images/last-button@2x.png"; sourceTree = "<group>"; };
		B8D467171E026DA1005EEED4 /* lock_ic.png */ = {isa = PBXFileReference; lastKnownFileType = image.png; name = lock_ic.png; path = images/lock_ic.png; sourceTree = "<group>"; };
		B8D467181E026DA1005EEED4 /* lock_ic@2x.png */ = {isa = PBXFileReference; lastKnownFileType = image.png; name = "lock_ic@2x.png"; path = "images/lock_ic@2x.png"; sourceTree = "<group>"; };
		B8D467191E026DA1005EEED4 /* more_ic.png */ = {isa = PBXFileReference; lastKnownFileType = image.png; name = more_ic.png; path = images/more_ic.png; sourceTree = "<group>"; };
		B8D4671A1E026DA1005EEED4 /* more_ic@2x.png */ = {isa = PBXFileReference; lastKnownFileType = image.png; name = "more_ic@2x.png"; path = "images/more_ic@2x.png"; sourceTree = "<group>"; };
		B8D4671B1E026DA1005EEED4 /* next-button.png */ = {isa = PBXFileReference; lastKnownFileType = image.png; name = "next-button.png"; path = "images/next-button.png"; sourceTree = "<group>"; };
		B8D4671C1E026DA1005EEED4 /* next-button@2x.png */ = {isa = PBXFileReference; lastKnownFileType = image.png; name = "next-button@2x.png"; path = "images/next-button@2x.png"; sourceTree = "<group>"; };
		B8D4671E1E026DA1005EEED4 /* unlock_ic.png */ = {isa = PBXFileReference; lastKnownFileType = image.png; name = unlock_ic.png; path = images/unlock_ic.png; sourceTree = "<group>"; };
		B8D4671F1E026DA1005EEED4 /* unlock_ic@2x.png */ = {isa = PBXFileReference; lastKnownFileType = image.png; name = "unlock_ic@2x.png"; path = "images/unlock_ic@2x.png"; sourceTree = "<group>"; };
		B8D4672D1E029A5B005EEED4 /* big_stop_ic.png */ = {isa = PBXFileReference; lastKnownFileType = image.png; name = big_stop_ic.png; path = images/big_stop_ic.png; sourceTree = "<group>"; };
		B8D4672E1E029A5B005EEED4 /* big_stop_ic@2x.png */ = {isa = PBXFileReference; lastKnownFileType = image.png; name = "big_stop_ic@2x.png"; path = "images/big_stop_ic@2x.png"; sourceTree = "<group>"; };
		B8D467311E037A4F005EEED4 /* slider.png */ = {isa = PBXFileReference; lastKnownFileType = image.png; name = slider.png; path = images/slider.png; sourceTree = "<group>"; };
		B8D467371E07B6C8005EEED4 /* cc-placeholder.png */ = {isa = PBXFileReference; lastKnownFileType = image.png; name = "cc-placeholder.png"; path = "images/cc-placeholder.png"; sourceTree = "<group>"; };
		B8F4EEE91DF1608C00A6F1C5 /* DWGestureButton.h */ = {isa = PBXFileReference; fileEncoding = 4; lastKnownFileType = sourcecode.c.h; name = DWGestureButton.h; path = Demo/DWGestureButton.h; sourceTree = "<group>"; };
		B8F4EEEA1DF1608C00A6F1C5 /* DWGestureButton.m */ = {isa = PBXFileReference; fileEncoding = 4; lastKnownFileType = sourcecode.c.objc; name = DWGestureButton.m; path = Demo/DWGestureButton.m; sourceTree = "<group>"; };
/* End PBXFileReference section */

/* Begin PBXFrameworksBuildPhase section */
		B547EC4318E033FB00BC980C /* Frameworks */ = {
			isa = PBXFrameworksBuildPhase;
			buildActionMask = 2147483647;
			files = (
				B89E14BB1E1E1ED100BC3BF2 /* libCCSDK.a in Frameworks */,
				B88562A41DED1AC8008D1763 /* SystemConfiguration.framework in Frameworks */,
				B57CC7C018E2E581001A1696 /* AVFoundation.framework in Frameworks */,
				B57CC7BE18E2E575001A1696 /* CoreLocation.framework in Frameworks */,
				B57CC7BC18E2E569001A1696 /* CoreMedia.framework in Frameworks */,
				B547EC4C18E033FB00BC980C /* CoreGraphics.framework in Frameworks */,
				B547EC4E18E033FB00BC980C /* UIKit.framework in Frameworks */,
				B547EC4A18E033FB00BC980C /* Foundation.framework in Frameworks */,
			);
			runOnlyForDeploymentPostprocessing = 0;
		};
/* End PBXFrameworksBuildPhase section */

/* Begin PBXGroup section */
		B50E598F18E11D6E0092EB05 /* Model */ = {
			isa = PBXGroup;
			children = (
				B50E599018E11D920092EB05 /* DWUploadItem.h */,
				B50E599118E11D920092EB05 /* DWUploadItem.m */,
				B59CB4C318E420060031A82F /* DWDownloadItem.h */,
				B59CB4C418E420060031A82F /* DWDownloadItem.m */,
			);
			name = Model;
			sourceTree = "<group>";
		};
		B50E599418E1201E0092EB05 /* Data */ = {
			isa = PBXGroup;
			children = (
				B5F9903018EDABF30091F486 /* example.utf8.srt */,
				B50E599518E120300092EB05 /* uploadItems.plist */,
			);
			name = Data;
			sourceTree = "<group>";
		};
		B50E599718E139AA0092EB05 /* images */ = {
			isa = PBXGroup;
			children = (
				B8D467371E07B6C8005EEED4 /* cc-placeholder.png */,
				B8D4672D1E029A5B005EEED4 /* big_stop_ic.png */,
				B8D4672E1E029A5B005EEED4 /* big_stop_ic@2x.png */,
				B8D467131E026DA1005EEED4 /* download_ic.png */,
				B8D467141E026DA1005EEED4 /* download_ic@2x.png */,
				B8D467151E026DA1005EEED4 /* last-button.png */,
				B8D467161E026DA1005EEED4 /* last-button@2x.png */,
				B8D467171E026DA1005EEED4 /* lock_ic.png */,
				B8D467181E026DA1005EEED4 /* lock_ic@2x.png */,
				B8D467191E026DA1005EEED4 /* more_ic.png */,
				B8D4671A1E026DA1005EEED4 /* more_ic@2x.png */,
				B8D4671B1E026DA1005EEED4 /* next-button.png */,
				B8D4671C1E026DA1005EEED4 /* next-button@2x.png */,
				B8D4671E1E026DA1005EEED4 /* unlock_ic.png */,
				B8D4671F1E026DA1005EEED4 /* unlock_ic@2x.png */,
				B8363B2E1D50A60800E3E4F6 /* close@2x.png */,
				B8363B2F1D50A60800E3E4F6 /* close@3x.png */,
				B870F3BA1C913A90006E057C /* fullscreen.png */,
				B8D467311E037A4F005EEED4 /* slider.png */,
				B870F3BE1C913AA5006E057C /* nonfullscreen.png */,
				B5F98F6C18ED80EA0091F486 /* download-down-button.png */,
				B5F98F6D18ED80EA0091F486 /* download-down-button@2x.png */,
				B5F98F7018ED80EA0091F486 /* download-play-button.png */,
				B5F98F7118ED80EA0091F486 /* download-play-button@2x.png */,
				B5F98F7218ED80EA0091F486 /* download-stat-waiting.png */,
				B5F98F7318ED80EA0091F486 /* download-stat-waiting@2x.png */,
				B5F98F7418ED80EA0091F486 /* download-status-down.png */,
				B5F98F7518ED80EA0091F486 /* download-status-down@2x.png */,
				B5F98F7618ED80EA0091F486 /* download-status-fail.png */,
				B5F98F7718ED80EA0091F486 /* download-status-fail@2x.png */,
				B5F98F7818ED80EA0091F486 /* download-status-hold.png */,
				B5F98F7918ED80EA0091F486 /* download-status-hold@2x.png */,
				B5F98F7A18ED80EA0091F486 /* navigation-bar-back.png */,
				B5F98F7B18ED80EA0091F486 /* navigation-bar-back@2x.png */,
				B5F98F7C18ED80EA0091F486 /* play-playbutton.png */,
				B5F98F7D18ED80EA0091F486 /* play-playbutton@2x.png */,
				B5F98F7E18ED80EA0091F486 /* player-back-button.png */,
				B5F98F7F18ED80EA0091F486 /* player-back-button@2x.png */,
				B52E6F2118F42CAC00FA8915 /* player-bg-popup-selected.png */,
				B52E6F2218F42CAD00FA8915 /* player-bg-popup-selected@2x.png */,
				B52E6F2318F42CAD00FA8915 /* player-bg-text2.png */,
				B52E6F2418F42CAD00FA8915 /* player-bg-text2@2x.png */,
				B52E6F2518F42CAD00FA8915 /* player-bg-text4.png */,
				B52E6F2618F42CAD00FA8915 /* player-bg-text4@2x.png */,
				B52E6F2718F42CAD00FA8915 /* player-pausebutton.png */,
				B52E6F2818F42CAD00FA8915 /* player-pausebutton@2x.png */,
				B5F98F8018ED80EA0091F486 /* player-playbutton.png */,
				B5F98F8118ED80EA0091F486 /* player-playbutton@2x.png */,
				B52E6F2918F42CAD00FA8915 /* player-slider-active.png */,
				B52E6F2A18F42CAD00FA8915 /* player-slider-active@2x.png */,
				B5F98F8818ED80EA0091F486 /* player-slider-handle.png */,
				B52E6F2B18F42CAD00FA8915 /* player-slider-handle@2x.png */,
				B5F98F8918ED80EA0091F486 /* player-slider-inactive.png */,
				B5F98F8A18ED80EA0091F486 /* player-slider-inactive@2x.png */,
				B5F98F8F18ED80EA0091F486 /* player-volume-box.png */,
				B5F98F9018ED80EA0091F486 /* player-volume-box@2x.png */,
				B5F98F9118ED80EA0091F486 /* tabbar-down-selected.png */,
				B5F98F9218ED80EA0091F486 /* tabbar-down-selected@2x.png */,
				B5F98F9318ED80EA0091F486 /* tabbar-down.png */,
				B5F98F9418ED80EA0091F486 /* tabbar-down@2x.png */,
				B5F98F9518ED80EA0091F486 /* tabbar-play-selected.png */,
				B5F98F9618ED80EA0091F486 /* tabbar-play-selected@2x.png */,
				B5F98F9718ED80EA0091F486 /* tabbar-play.png */,
				B5F98F9818ED80EA0091F486 /* tabbar-play@2x.png */,
				B5F98F9918ED80EA0091F486 /* tabbar-upload-selected.png */,
				B5F98F9A18ED80EA0091F486 /* tabbar-upload-selected@2x.png */,
				B5F98F9B18ED80EA0091F486 /* tabbar-upload.png */,
				B5F98F9C18ED80EA0091F486 /* tabbar-upload@2x.png */,
				B5F98F9D18ED80EA0091F486 /* tabbar-user-selected.png */,
				B5F98F9E18ED80EA0091F486 /* tabbar-user-selected@2x.png */,
				B5F98F9F18ED80EA0091F486 /* tabbar-user.png */,
				B5F98FA018ED80EA0091F486 /* tabbar-user@2x.png */,
				B5F98FA118ED80EA0091F486 /* upload-navigationbar-add.png */,
				B5F98FA218ED80EA0091F486 /* upload-navigationbar-add@2x.png */,
				B5F98FA318ED80EA0091F486 /* upload-status-finish.png */,
				B5F98FA418ED80EA0091F486 /* upload-status-finish@2x.png */,
				B5F98FA518ED80EA0091F486 /* upload-status-uploading.png */,
				B5F98FA618ED80EA0091F486 /* upload-status-uploading@2x.png */,
			);
			name = images;
			sourceTree = "<group>";
		};
		B547EC3D18E033FB00BC980C = {
			isa = PBXGroup;
			children = (
				B89E14B21E1E1ED100BC3BF2 /* SDK */,
				B5F98DC318E94DE80091F486 /* DWTabBarController.h */,
				B5F98DC418E94DE80091F486 /* DWTabBarController.m */,
				B50E59D118E17C8B0092EB05 /* DWTools.h */,
				B50E59D218E17C8B0092EB05 /* DWTools.m */,
				B5F9902D18EDA94A0091F486 /* DWMediaSubtitle.h */,
				B5F9902E18EDA94A0091F486 /* DWMediaSubtitle.m */,
				B88562A01DED1A76008D1763 /* Reachability.h */,
				B88562A11DED1A76008D1763 /* Reachability.m */,
				B50E599718E139AA0092EB05 /* images */,
				B50E599418E1201E0092EB05 /* Data */,
				B50E598F18E11D6E0092EB05 /* Model */,
				B547ED0E18E10B6100BC980C /* CustomView */,
				B547EC4F18E033FB00BC980C /* Demo */,
				B547EC4818E033FB00BC980C /* Frameworks */,
				B547EC4718E033FB00BC980C /* Products */,
			);
			sourceTree = "<group>";
		};
		B547EC4718E033FB00BC980C /* Products */ = {
			isa = PBXGroup;
			children = (
				B547EC4618E033FB00BC980C /* CCDownload.app */,
			);
			name = Products;
			sourceTree = "<group>";
		};
		B547EC4818E033FB00BC980C /* Frameworks */ = {
			isa = PBXGroup;
			children = (
				B88562A31DED1AC8008D1763 /* SystemConfiguration.framework */,
				B57CC7BF18E2E581001A1696 /* AVFoundation.framework */,
				B57CC7BD18E2E575001A1696 /* CoreLocation.framework */,
				B57CC7BB18E2E569001A1696 /* CoreMedia.framework */,
				B547EC4918E033FB00BC980C /* Foundation.framework */,
				B547EC4B18E033FB00BC980C /* CoreGraphics.framework */,
				B547EC4D18E033FB00BC980C /* UIKit.framework */,
			);
			name = Frameworks;
			sourceTree = "<group>";
		};
		B547EC4F18E033FB00BC980C /* Demo */ = {
			isa = PBXGroup;
			children = (
				B547EC5818E033FB00BC980C /* DWAppDelegate.h */,
				B547EC5918E033FB00BC980C /* DWAppDelegate.m */,
				B547EC7C18E0347E00BC980C /* DWAccountViewController.h */,
				B547EC7D18E0347E00BC980C /* DWAccountViewController.m */,
				B547EC7E18E0347E00BC980C /* DWUploadViewController.h */,
				B547EC7F18E0347E00BC980C /* DWUploadViewController.m */,
				B50E59CE18E16D100092EB05 /* DWUploadInfoSetupViewController.h */,
				B50E59CF18E16D100092EB05 /* DWUploadInfoSetupViewController.m */,
				B59CB4C918E51BAC0031A82F /* DWDownloadViewController.h */,
				B59CB4CA18E51BAC0031A82F /* DWDownloadViewController.m */,
				B547EC7818E0347E00BC980C /* DWOfflineViewController.h */,
				B547EC7918E0347E00BC980C /* DWOfflineViewController.m */,
				B547EC7A18E0347E00BC980C /* DWPlayerViewController.h */,
				B547EC7B18E0347E00BC980C /* DWPlayerViewController.m */,
				B547EC5B18E033FB00BC980C /* Images.xcassets */,
				B547EC5018E033FB00BC980C /* Supporting Files */,
				B59CB4CC18E551A20031A82F /* DWCustomPlayerViewController.h */,
				B59CB4CD18E551A20031A82F /* DWCustomPlayerViewController.m */,
				B874054A1C9BB34700DD3753 /* DWLaunch Screen.storyboard */,
			);
			path = Demo;
			sourceTree = "<group>";
		};
		B547EC5018E033FB00BC980C /* Supporting Files */ = {
			isa = PBXGroup;
			children = (
				B547EC5118E033FB00BC980C /* CCDownload-Info.plist */,
				B547EC5218E033FB00BC980C /* InfoPlist.strings */,
				B547EC5518E033FB00BC980C /* main.m */,
				B547EC5718E033FB00BC980C /* CCDownload-Prefix.pch */,
			);
			name = "Supporting Files";
			sourceTree = "<group>";
		};
		B547ED0E18E10B6100BC980C /* CustomView */ = {
			isa = PBXGroup;
			children = (
				B8F4EEE91DF1608C00A6F1C5 /* DWGestureButton.h */,
				B8F4EEEA1DF1608C00A6F1C5 /* DWGestureButton.m */,
				B5F98F6818ED804D0091F486 /* DWPlayerMenuView.h */,
				B5F98F6918ED804D0091F486 /* DWPlayerMenuView.m */,
				B50E598318E115130092EB05 /* DWImageTitleButton.h */,
				B50E598418E115130092EB05 /* DWImageTitleButton.m */,
				B50E598C18E11C350092EB05 /* DWUploadTableViewCell.h */,
				B50E598D18E11C350092EB05 /* DWUploadTableViewCell.m */,
				B59CB4D218E556950031A82F /* DWDownloadTableViewCell.h */,
				B59CB4D318E556950031A82F /* DWDownloadTableViewCell.m */,
				B59CB4C618E4244F0031A82F /* DWOfflineTableViewCell.h */,
				B59CB4C718E4244F0031A82F /* DWOfflineTableViewCell.m */,
				B59CB4CF18E552E30031A82F /* DWPlayerTableViewCell.h */,
				B59CB4D018E552E30031A82F /* DWPlayerTableViewCell.m */,
				B5AEF9E818E839AE0084CE2C /* DWTableView.h */,
				B5AEF9E918E839AE0084CE2C /* DWTableView.m */,
			);
			name = CustomView;
			sourceTree = "<group>";
		};
		B89E14B21E1E1ED100BC3BF2 /* SDK */ = {
			isa = PBXGroup;
			children = (
				B89E14B31E1E1ED100BC3BF2 /* DWAdInfo.h */,
				B89E14B41E1E1ED100BC3BF2 /* DWDownloader.h */,
				B89E14B51E1E1ED100BC3BF2 /* DWLog.h */,
				B89E14B61E1E1ED100BC3BF2 /* DWMoviePlayerController.h */,
				B89E14B71E1E1ED100BC3BF2 /* DWSDK.h */,
				B89E14B81E1E1ED100BC3BF2 /* DWUploader.h */,
				B89E14B91E1E1ED100BC3BF2 /* DWVideoCompressController.h */,
				B89E14BA1E1E1ED100BC3BF2 /* libCCSDK.a */,
			);
			path = SDK;
			sourceTree = "<group>";
		};
/* End PBXGroup section */

/* Begin PBXNativeTarget section */
		B547EC4518E033FB00BC980C /* CCDownload */ = {
			isa = PBXNativeTarget;
			buildConfigurationList = B547EC7218E033FB00BC980C /* Build configuration list for PBXNativeTarget "CCDownload" */;
			buildPhases = (
				B547EC4218E033FB00BC980C /* Sources */,
				B547EC4318E033FB00BC980C /* Frameworks */,
				B547EC4418E033FB00BC980C /* Resources */,
			);
			buildRules = (
			);
			dependencies = (
			);
			name = CCDownload;
			productName = Demo;
			productReference = B547EC4618E033FB00BC980C /* CCDownload.app */;
			productType = "com.apple.product-type.application";
		};
/* End PBXNativeTarget section */

/* Begin PBXProject section */
		B547EC3E18E033FB00BC980C /* Project object */ = {
			isa = PBXProject;
			attributes = {
				CLASSPREFIX = DW;
				LastUpgradeCheck = 0610;
				ORGANIZATIONNAME = com.bokecc.www;
				TargetAttributes = {
					B547EC4518E033FB00BC980C = {
						DevelopmentTeam = G33Q7E6S97;
					};
				};
			};
			buildConfigurationList = B547EC4118E033FB00BC980C /* Build configuration list for PBXProject "CCDownload" */;
			compatibilityVersion = "Xcode 3.2";
			developmentRegion = English;
			hasScannedForEncodings = 0;
			knownRegions = (
				en,
			);
			mainGroup = B547EC3D18E033FB00BC980C;
			productRefGroup = B547EC4718E033FB00BC980C /* Products */;
			projectDirPath = "";
			projectRoot = "";
			targets = (
				B547EC4518E033FB00BC980C /* CCDownload */,
			);
		};
/* End PBXProject section */

/* Begin PBXResourcesBuildPhase section */
		B547EC4418E033FB00BC980C /* Resources */ = {
			isa = PBXResourcesBuildPhase;
			buildActionMask = 2147483647;
			files = (
				B5F98FCD18ED80EA0091F486 /* tabbar-down-selected.png in Resources */,
				B8D467281E026DA1005EEED4 /* next-button.png in Resources */,
				B8D467211E026DA1005EEED4 /* download_ic@2x.png in Resources */,
				B5F98FBC18ED80EA0091F486 /* player-playbutton.png in Resources */,
				B5F98FE018ED80EA0091F486 /* upload-status-finish@2x.png in Resources */,
				B5F98FB118ED80EA0091F486 /* download-status-down@2x.png in Resources */,
				B5F98FA918ED80EA0091F486 /* download-down-button@2x.png in Resources */,
				B5F98FAC18ED80EA0091F486 /* download-play-button.png in Resources */,
				B874054B1C9BB34700DD3753 /* DWLaunch Screen.storyboard in Resources */,
				B5F98FB718ED80EA0091F486 /* navigation-bar-back@2x.png in Resources */,
				B5F98FD518ED80EA0091F486 /* tabbar-upload-selected.png in Resources */,
				B8D467301E029A5B005EEED4 /* big_stop_ic@2x.png in Resources */,
				B5F98FAF18ED80EA0091F486 /* download-stat-waiting@2x.png in Resources */,
				B5F98FD018ED80EA0091F486 /* tabbar-down@2x.png in Resources */,
				B5F98FD418ED80EA0091F486 /* tabbar-play@2x.png in Resources */,
				B52E6F2F18F42CAD00FA8915 /* player-bg-text2@2x.png in Resources */,
				B8D467221E026DA1005EEED4 /* last-button.png in Resources */,
				B5F98FDE18ED80EA0091F486 /* upload-navigationbar-add@2x.png in Resources */,
				B52E6F3618F42CAD00FA8915 /* player-slider-handle@2x.png in Resources */,
				B5F98FB518ED80EA0091F486 /* download-status-hold@2x.png in Resources */,
				B50E599618E120300092EB05 /* uploadItems.plist in Resources */,
				B8D467241E026DA1005EEED4 /* lock_ic.png in Resources */,
				B5F98FD818ED80EA0091F486 /* tabbar-upload@2x.png in Resources */,
				B8D4672C1E026DA1005EEED4 /* unlock_ic@2x.png in Resources */,
				B5F98FCF18ED80EA0091F486 /* tabbar-down.png in Resources */,
				B5F98FB918ED80EA0091F486 /* play-playbutton@2x.png in Resources */,
				B8D467201E026DA1005EEED4 /* download_ic.png in Resources */,
				B5F98FB018ED80EA0091F486 /* download-status-down.png in Resources */,
				B5F98FAD18ED80EA0091F486 /* download-play-button@2x.png in Resources */,
				B8D4672B1E026DA1005EEED4 /* unlock_ic.png in Resources */,
				B5F9903118EDABF30091F486 /* example.utf8.srt in Resources */,
				B52E6F3318F42CAD00FA8915 /* player-pausebutton@2x.png in Resources */,
				B870F3C01C913AA5006E057C /* nonfullscreen.png in Resources */,
				B52E6F3118F42CAD00FA8915 /* player-bg-text4@2x.png in Resources */,
				B5F98FB618ED80EA0091F486 /* navigation-bar-back.png in Resources */,
				B5F98FB818ED80EA0091F486 /* play-playbutton.png in Resources */,
				B5F98FD618ED80EA0091F486 /* tabbar-upload-selected@2x.png in Resources */,
				B5F98FD218ED80EA0091F486 /* tabbar-play-selected@2x.png in Resources */,
				B5F98FDF18ED80EA0091F486 /* upload-status-finish.png in Resources */,
				B5F98FDB18ED80EA0091F486 /* tabbar-user.png in Resources */,
				B547EC5418E033FB00BC980C /* InfoPlist.strings in Resources */,
				B8D467271E026DA1005EEED4 /* more_ic@2x.png in Resources */,
				B52E6F2E18F42CAD00FA8915 /* player-bg-text2.png in Resources */,
				B52E6F3418F42CAD00FA8915 /* player-slider-active.png in Resources */,
				B5F98FDC18ED80EA0091F486 /* tabbar-user@2x.png in Resources */,
				B870F3BC1C913A90006E057C /* fullscreen.png in Resources */,
				B5F98FCC18ED80EA0091F486 /* player-volume-box@2x.png in Resources */,
				B8363B311D50A60800E3E4F6 /* close@3x.png in Resources */,
				B5F98FC518ED80EA0091F486 /* player-slider-inactive.png in Resources */,
				B8D467231E026DA1005EEED4 /* last-button@2x.png in Resources */,
				B8D467381E07B6C8005EEED4 /* cc-placeholder.png in Resources */,
				B5F98FB418ED80EA0091F486 /* download-status-hold.png in Resources */,
				B5F98FDD18ED80EA0091F486 /* upload-navigationbar-add.png in Resources */,
				B5F98FB318ED80EA0091F486 /* download-status-fail@2x.png in Resources */,
				B5F98FAE18ED80EA0091F486 /* download-stat-waiting.png in Resources */,
				B8D467251E026DA1005EEED4 /* lock_ic@2x.png in Resources */,
				B8D467261E026DA1005EEED4 /* more_ic.png in Resources */,
				B8D467291E026DA1005EEED4 /* next-button@2x.png in Resources */,
				B5F98FCB18ED80EA0091F486 /* player-volume-box.png in Resources */,
				B5F98FC618ED80EA0091F486 /* player-slider-inactive@2x.png in Resources */,
				B5F98FBB18ED80EA0091F486 /* player-back-button@2x.png in Resources */,
				B5F98FD318ED80EA0091F486 /* tabbar-play.png in Resources */,
				B8D4672F1E029A5B005EEED4 /* big_stop_ic.png in Resources */,
				B5F98FE118ED80EA0091F486 /* upload-status-uploading.png in Resources */,
				B5F98FD718ED80EA0091F486 /* tabbar-upload.png in Resources */,
				B8363B301D50A60800E3E4F6 /* close@2x.png in Resources */,
				B52E6F3218F42CAD00FA8915 /* player-pausebutton.png in Resources */,
				B5F98FB218ED80EA0091F486 /* download-status-fail.png in Resources */,
				B5F98FBD18ED80EA0091F486 /* player-playbutton@2x.png in Resources */,
				B5F98FA818ED80EA0091F486 /* download-down-button.png in Resources */,
				B5F98FCE18ED80EA0091F486 /* tabbar-down-selected@2x.png in Resources */,
				B5F98FBA18ED80EA0091F486 /* player-back-button.png in Resources */,
				B52E6F2C18F42CAD00FA8915 /* player-bg-popup-selected.png in Resources */,
				B5F98FD918ED80EA0091F486 /* tabbar-user-selected.png in Resources */,
				B52E6F3518F42CAD00FA8915 /* player-slider-active@2x.png in Resources */,
				B5F98FE218ED80EA0091F486 /* upload-status-uploading@2x.png in Resources */,
				B547EC5C18E033FB00BC980C /* Images.xcassets in Resources */,
				B52E6F2D18F42CAD00FA8915 /* player-bg-popup-selected@2x.png in Resources */,
				B8D467321E037A4F005EEED4 /* slider.png in Resources */,
				B5F98FD118ED80EA0091F486 /* tabbar-play-selected.png in Resources */,
				B5F98FC418ED80EA0091F486 /* player-slider-handle.png in Resources */,
				B5F98FDA18ED80EA0091F486 /* tabbar-user-selected@2x.png in Resources */,
				B52E6F3018F42CAD00FA8915 /* player-bg-text4.png in Resources */,
			);
			runOnlyForDeploymentPostprocessing = 0;
		};
/* End PBXResourcesBuildPhase section */

/* Begin PBXSourcesBuildPhase section */
		B547EC4218E033FB00BC980C /* Sources */ = {
			isa = PBXSourcesBuildPhase;
			buildActionMask = 2147483647;
			files = (
				B547EC5618E033FB00BC980C /* main.m in Sources */,
				B59CB4C818E4244F0031A82F /* DWOfflineTableViewCell.m in Sources */,
				B547EC5A18E033FB00BC980C /* DWAppDelegate.m in Sources */,
				B59CB4CB18E51BAC0031A82F /* DWDownloadViewController.m in Sources */,
				B50E599218E11D920092EB05 /* DWUploadItem.m in Sources */,
				B88562A21DED1A76008D1763 /* Reachability.m in Sources */,
				B50E598518E115130092EB05 /* DWImageTitleButton.m in Sources */,
				B5F98DC518E94DE80091F486 /* DWTabBarController.m in Sources */,
				B8F4EEEB1DF1608C00A6F1C5 /* DWGestureButton.m in Sources */,
				B59CB4D418E556950031A82F /* DWDownloadTableViewCell.m in Sources */,
				B59CB4CE18E551A20031A82F /* DWCustomPlayerViewController.m in Sources */,
				B5AEF9EA18E839AE0084CE2C /* DWTableView.m in Sources */,
				B547EC8218E0347E00BC980C /* DWAccountViewController.m in Sources */,
				B547EC8118E0347E00BC980C /* DWPlayerViewController.m in Sources */,
				B50E59D018E16D100092EB05 /* DWUploadInfoSetupViewController.m in Sources */,
				B50E598E18E11C350092EB05 /* DWUploadTableViewCell.m in Sources */,
				B547EC8318E0347E00BC980C /* DWUploadViewController.m in Sources */,
				B59CB4C518E420060031A82F /* DWDownloadItem.m in Sources */,
				B59CB4D118E552E30031A82F /* DWPlayerTableViewCell.m in Sources */,
				B5F9902F18EDA94A0091F486 /* DWMediaSubtitle.m in Sources */,
				B50E59D318E17C8B0092EB05 /* DWTools.m in Sources */,
				B5F98F6A18ED804D0091F486 /* DWPlayerMenuView.m in Sources */,
				B547EC8018E0347E00BC980C /* DWOfflineViewController.m in Sources */,
			);
			runOnlyForDeploymentPostprocessing = 0;
		};
/* End PBXSourcesBuildPhase section */

/* Begin PBXVariantGroup section */
		B547EC5218E033FB00BC980C /* InfoPlist.strings */ = {
			isa = PBXVariantGroup;
			children = (
				B547EC5318E033FB00BC980C /* en */,
			);
			name = InfoPlist.strings;
			sourceTree = "<group>";
		};
/* End PBXVariantGroup section */

/* Begin XCBuildConfiguration section */
		B547EC7018E033FB00BC980C /* Debug */ = {
			isa = XCBuildConfiguration;
			buildSettings = {
				ALWAYS_SEARCH_USER_PATHS = NO;
				CLANG_CXX_LANGUAGE_STANDARD = "gnu++0x";
				CLANG_CXX_LIBRARY = "libc++";
				CLANG_ENABLE_MODULES = YES;
				CLANG_ENABLE_OBJC_ARC = YES;
				CLANG_WARN_BOOL_CONVERSION = YES;
				CLANG_WARN_CONSTANT_CONVERSION = YES;
				CLANG_WARN_DIRECT_OBJC_ISA_USAGE = YES_ERROR;
				CLANG_WARN_EMPTY_BODY = YES;
				CLANG_WARN_ENUM_CONVERSION = YES;
				CLANG_WARN_INT_CONVERSION = YES;
				CLANG_WARN_OBJC_ROOT_CLASS = YES_ERROR;
				CLANG_WARN__DUPLICATE_METHOD_MATCH = YES;
				"CODE_SIGN_IDENTITY[sdk=iphoneos*]" = "iPhone Developer";
				COPY_PHASE_STRIP = NO;
				GCC_C_LANGUAGE_STANDARD = gnu99;
				GCC_DYNAMIC_NO_PIC = NO;
				GCC_OPTIMIZATION_LEVEL = 0;
				GCC_PREPROCESSOR_DEFINITIONS = (
					"DEBUG=1",
					"$(inherited)",
				);
				GCC_SYMBOLS_PRIVATE_EXTERN = NO;
				GCC_WARN_64_TO_32_BIT_CONVERSION = YES;
				GCC_WARN_ABOUT_RETURN_TYPE = YES_ERROR;
				GCC_WARN_UNDECLARED_SELECTOR = YES;
				GCC_WARN_UNINITIALIZED_AUTOS = YES;
				GCC_WARN_UNUSED_FUNCTION = YES;
				GCC_WARN_UNUSED_VARIABLE = YES;
				IPHONEOS_DEPLOYMENT_TARGET = 8.1;
				ONLY_ACTIVE_ARCH = YES;
				OTHER_LDFLAGS = "-all_load";
				SDKROOT = iphoneos;
			};
			name = Debug;
		};
		B547EC7118E033FB00BC980C /* Release */ = {
			isa = XCBuildConfiguration;
			buildSettings = {
				ALWAYS_SEARCH_USER_PATHS = NO;
				CLANG_CXX_LANGUAGE_STANDARD = "gnu++0x";
				CLANG_CXX_LIBRARY = "libc++";
				CLANG_ENABLE_MODULES = YES;
				CLANG_ENABLE_OBJC_ARC = YES;
				CLANG_WARN_BOOL_CONVERSION = YES;
				CLANG_WARN_CONSTANT_CONVERSION = YES;
				CLANG_WARN_DIRECT_OBJC_ISA_USAGE = YES_ERROR;
				CLANG_WARN_EMPTY_BODY = YES;
				CLANG_WARN_ENUM_CONVERSION = YES;
				CLANG_WARN_INT_CONVERSION = YES;
				CLANG_WARN_OBJC_ROOT_CLASS = YES_ERROR;
				CLANG_WARN__DUPLICATE_METHOD_MATCH = YES;
				"CODE_SIGN_IDENTITY[sdk=iphoneos*]" = "iPhone Developer";
				COPY_PHASE_STRIP = YES;
				ENABLE_NS_ASSERTIONS = NO;
				GCC_C_LANGUAGE_STANDARD = gnu99;
				GCC_WARN_64_TO_32_BIT_CONVERSION = YES;
				GCC_WARN_ABOUT_RETURN_TYPE = YES_ERROR;
				GCC_WARN_UNDECLARED_SELECTOR = YES;
				GCC_WARN_UNINITIALIZED_AUTOS = YES;
				GCC_WARN_UNUSED_FUNCTION = YES;
				GCC_WARN_UNUSED_VARIABLE = YES;
				IPHONEOS_DEPLOYMENT_TARGET = 8.1;
				ONLY_ACTIVE_ARCH = NO;
				OTHER_LDFLAGS = "-all_load";
				SDKROOT = iphoneos;
				VALIDATE_PRODUCT = YES;
			};
			name = Release;
		};
		B547EC7318E033FB00BC980C /* Debug */ = {
			isa = XCBuildConfiguration;
			buildSettings = {
				ASSETCATALOG_COMPILER_APPICON_NAME = AppIcon;
				ASSETCATALOG_COMPILER_LAUNCHIMAGE_NAME = LaunchImage;
				CLANG_ENABLE_OBJC_ARC = YES;
				CLANG_WARN_OBJC_EXPLICIT_OWNERSHIP_TYPE = NO;
				CLANG_WARN_OBJC_IMPLICIT_RETAIN_SELF = NO;
				CLANG_WARN_OBJC_RECEIVER_WEAK = NO;
				CLANG_WARN_OBJC_REPEATED_USE_OF_WEAK = NO;
				CODE_SIGN_IDENTITY = "iPhone Developer";
				"CODE_SIGN_IDENTITY[sdk=iphoneos*]" = "iPhone Developer";
				DEVELOPMENT_TEAM = "";
				GCC_PRECOMPILE_PREFIX_HEADER = YES;
				GCC_PREFIX_HEADER = "Demo/CCDownload-Prefix.pch";
				HEADER_SEARCH_PATHS = (
					/Applications/Xcode.app/Contents/Developer/Toolchains/XcodeDefault.xctoolchain/usr/include,
					"$(inherited)",
				);
				INFOPLIST_FILE = "Demo/CCDownload-Info.plist";
				IPHONEOS_DEPLOYMENT_TARGET = 8.0;
				LD_RUNPATH_SEARCH_PATHS = "$(inherited) @executable_path/Frameworks";
				LIBRARY_SEARCH_PATHS = (
					"$(SRCROOT)/../",
					"$(PROJECT_DIR)",
					"$(PROJECT_DIR)/SDK",
				);
				PRODUCT_BUNDLE_IDENTIFIER = com.lbbniu.bokecc;
				PRODUCT_NAME = CCDownload;
				PROVISIONING_PROFILE = "";
				USER_HEADER_SEARCH_PATHS = "$(BUILT_PRODUCTS_DIR)/include/ $(SRCROOT)/../include/";
				WRAPPER_EXTENSION = app;
			};
			name = Debug;
		};
		B547EC7418E033FB00BC980C /* Release */ = {
			isa = XCBuildConfiguration;
			buildSettings = {
				ASSETCATALOG_COMPILER_APPICON_NAME = AppIcon;
				ASSETCATALOG_COMPILER_LAUNCHIMAGE_NAME = LaunchImage;
				CLANG_ENABLE_OBJC_ARC = YES;
				CLANG_WARN_OBJC_EXPLICIT_OWNERSHIP_TYPE = NO;
				CLANG_WARN_OBJC_IMPLICIT_RETAIN_SELF = NO;
				CLANG_WARN_OBJC_RECEIVER_WEAK = NO;
				CLANG_WARN_OBJC_REPEATED_USE_OF_WEAK = NO;
				CODE_SIGN_IDENTITY = "iPhone Developer";
				"CODE_SIGN_IDENTITY[sdk=iphoneos*]" = "iPhone Developer";
				DEVELOPMENT_TEAM = "";
				GCC_PRECOMPILE_PREFIX_HEADER = YES;
				GCC_PREFIX_HEADER = "Demo/CCDownload-Prefix.pch";
				HEADER_SEARCH_PATHS = (
					/Applications/Xcode.app/Contents/Developer/Toolchains/XcodeDefault.xctoolchain/usr/include,
					"$(inherited)",
				);
				INFOPLIST_FILE = "Demo/CCDownload-Info.plist";
				IPHONEOS_DEPLOYMENT_TARGET = 8.0;
				LD_RUNPATH_SEARCH_PATHS = "$(inherited) @executable_path/Frameworks";
				LIBRARY_SEARCH_PATHS = (
					"$(SRCROOT)/../",
					"$(PROJECT_DIR)",
					"$(PROJECT_DIR)/SDK",
				);
				PRODUCT_BUNDLE_IDENTIFIER = com.lbbniu.bokecc;
				PRODUCT_NAME = CCDownload;
				PROVISIONING_PROFILE = "";
				USER_HEADER_SEARCH_PATHS = "$(BUILT_PRODUCTS_DIR)/include/ $(SRCROOT)/../include/";
				WRAPPER_EXTENSION = app;
			};
			name = Release;
		};
/* End XCBuildConfiguration section */

/* Begin XCConfigurationList section */
		B547EC4118E033FB00BC980C /* Build configuration list for PBXProject "CCDownload" */ = {
			isa = XCConfigurationList;
			buildConfigurations = (
				B547EC7018E033FB00BC980C /* Debug */,
				B547EC7118E033FB00BC980C /* Release */,
			);
			defaultConfigurationIsVisible = 0;
			defaultConfigurationName = Release;
		};
		B547EC7218E033FB00BC980C /* Build configuration list for PBXNativeTarget "CCDownload" */ = {
			isa = XCConfigurationList;
			buildConfigurations = (
				B547EC7318E033FB00BC980C /* Debug */,
				B547EC7418E033FB00BC980C /* Release */,
			);
			defaultConfigurationIsVisible = 0;
			defaultConfigurationName = Release;
		};
/* End XCConfigurationList section */
	};
	rootObject = B547EC3E18E033FB00BC980C /* Project object */;
}
